
Microsoft Visual Studio Solution File, Format Version 12.00
# Visual Studio Version 17
VisualStudioVersion = 17.10.35027.167
MinimumVisualStudioVersion = 10.0.40219.1
Project("{FAE04EC0-301F-11D3-BF4B-00C04F79EFBC}") = "ATAY_webcam image processing", "ATAY_webcam image processing\ATAY_webcam image processing.csproj", "{C0301BA3-52D9-4F6D-A87C-BB5C17EC6330}"
EndProject
Global
	GlobalSection(SolutionConfigurationPlatforms) = preSolution
		Debug|Any CPU = Debug|Any CPU
		Release|Any CPU = Release|Any CPU
	EndGlobalSection
	GlobalSection(ProjectConfigurationPlatforms) = postSolution
		{C0301BA3-52D9-4F6D-A87C-BB5C17EC6330}.Debug|Any CPU.ActiveCfg = Debug|Any CPU
		{C0301BA3-52D9-4F6D-A87C-BB5C17EC6330}.Debug|Any CPU.Build.0 = Debug|Any CPU
		{C0301BA3-52D9-4F6D-A87C-BB5C17EC6330}.Release|Any CPU.ActiveCfg = Release|Any CPU
		{C0301BA3-52D9-4F6D-A87C-BB5C17EC6330}.Release|Any CPU.Build.0 = Release|Any CPU
	EndGlobalSection
	GlobalSection(SolutionProperties) = preSolution
		HideSolutionNode = FALSE
	EndGlobalSection
	GlobalSection(ExtensibilityGlobals) = postSolution
		SolutionGuid = {07080CC2-0A0B-48D2-9C45-7223797A4069}
	EndGlobalSection
EndGlobal
